{
  "lockfileVersion": 1,
  "configVersion": 1,
  "workspaces": {
    "": {
      "name": ".hal",
      "devDependencies": {
        "@types/bun": "latest",
        "@typescript/native-preview": "^7.0.0-dev.20260415.1",
        "prettier": "^3.8.1",
      },
      "peerDependencies": {
        "typescript": "^5.9.3",
      },
    },
  },
  "packages": {
    "@types/bun": ["@types/bun@1.3.11", "", { "dependencies": { "bun-types": "1.3.11" } }, "sha512-5vPne5QvtpjGpsGYXiFyycfpDF2ECyPcTSsFBMa0fraoxiQyMJ3SmuQIGhzPg2WJuWxVBoxWJ2kClYTcw/4fAg=="],

    "@types/node": ["@types/node@25.5.0", "", { "dependencies": { "undici-types": "~7.18.0" } }, "sha512-jp2P3tQMSxWugkCUKLRPVUpGaL5MVFwF8RDuSRztfwgN1wmqJeMSbKlnEtQqU8UrhTmzEmZdu2I6v2dpp7XIxw=="],

    "@typescript/native-preview": ["@typescript/native-preview@7.0.0-dev.20260415.1", "", { "optionalDependencies": { "@typescript/native-preview-darwin-arm64": "7.0.0-dev.20260415.1", "@typescript/native-preview-darwin-x64": "7.0.0-dev.20260415.1", "@typescript/native-preview-linux-arm": "7.0.0-dev.20260415.1", "@typescript/native-preview-linux-arm64": "7.0.0-dev.20260415.1", "@typescript/native-preview-linux-x64": "7.0.0-dev.20260415.1", "@typescript/native-preview-win32-arm64": "7.0.0-dev.20260415.1", "@typescript/native-preview-win32-x64": "7.0.0-dev.20260415.1" }, "bin": { "tsgo": "bin/tsgo.js" } }, "sha512-kRQ0x4DgXZBI0bNTck65EUaj48+hbMlCHiJKfc0Se5ZVUG0SKRC6JBPLwIBCX5TfljKsm8SstuJ3qn6uw1IWpA=="],

    "@typescript/native-preview-darwin-arm64": ["@typescript/native-preview-darwin-arm64@7.0.0-dev.20260415.1", "", { "os": "darwin", "cpu": "arm64" }, "sha512-yGyyDb9bP3XfaIm8VUiaq7xkKwFSxLQ44XGYV78lrne12GhXgZ7Smbf2BVnT5MrTgT5uooMzww85P3I3XNVZng=="],

    "@typescript/native-preview-darwin-x64": ["@typescript/native-preview-darwin-x64@7.0.0-dev.20260415.1", "", { "os": "darwin", "cpu": "x64" }, "sha512-vzac8BSbSkGPV/FMKyY/3cNZN+FgvjT1E+NNR8xWO8DfvSz4hYqbxvAL+zWPUno6R8afNFLZeJTfuIge0tJJ1g=="],

    "@typescript/native-preview-linux-arm": ["@typescript/native-preview-linux-arm@7.0.0-dev.20260415.1", "", { "os": "linux", "cpu": "arm" }, "sha512-1CI2nLfsoEibEAt6ApMVEr5M/v9EeXHmn9iD2nyyomO34ky3zqBtEPHakvgXD4QmpZg9O4WxRKc6u6EIy0Imxg=="],

    "@typescript/native-preview-linux-arm64": ["@typescript/native-preview-linux-arm64@7.0.0-dev.20260415.1", "", { "os": "linux", "cpu": "arm64" }, "sha512-jiXu+SrpCL/6J3LwuUSxU8scYs5H0wBkqu3CopdSTcJxQuzUDe6QAEoEW3O81cdrsq5qrIlfFxWH3bdohsvhJA=="],

    "@typescript/native-preview-linux-x64": ["@typescript/native-preview-linux-x64@7.0.0-dev.20260415.1", "", { "os": "linux", "cpu": "x64" }, "sha512-+4r4UqGE5ccy9vJNOhjXTqbZPkVGlqdiEgTJbdz8+EpUNQaLGMBhDj1cBMdrdK1YRuj/3C+pLfE3PD9kEsxf6Q=="],

    "@typescript/native-preview-win32-arm64": ["@typescript/native-preview-win32-arm64@7.0.0-dev.20260415.1", "", { "os": "win32", "cpu": "arm64" }, "sha512-QsCAG7la4GE4Dp7i9MUz7Qv+HbKVDdmwlmn+8sOo0M3aSC6WssCU5gKVBUjp43WPtml/JticwzSz1qXLfdxHFA=="],

    "@typescript/native-preview-win32-x64": ["@typescript/native-preview-win32-x64@7.0.0-dev.20260415.1", "", { "os": "win32", "cpu": "x64" }, "sha512-Z+rclKC7FqkUsqQ+ErgWJmf5J55LEl/rooFq71prC6V0vCBa5yLMmLBmFxZLLj2BsCBuwbN2O7aWUWrpCUEkmw=="],

    "bun-types": ["bun-types@1.3.11", "", { "dependencies": { "@types/node": "*" } }, "sha512-1KGPpoxQWl9f6wcZh57LvrPIInQMn2TQ7jsgxqpRzg+l0QPOFvJVH7HmvHo/AiPgwXy+/Thf6Ov3EdVn1vOabg=="],

    "prettier": ["prettier@3.8.1", "", { "bin": { "prettier": "bin/prettier.cjs" } }, "sha512-UOnG6LftzbdaHZcKoPFtOcCKztrQ57WkHDeRD9t/PTQtmT0NHSeWWepj6pS0z/N7+08BHFDQVUrfmfMRcZwbMg=="],

    "typescript": ["typescript@5.9.3", "", { "bin": { "tsc": "bin/tsc", "tsserver": "bin/tsserver" } }, "sha512-jl1vZzPDinLr9eUt3J/t7V6FgNEw9QjvBPdysz9KfQDD41fQrC2Y4vKQdiaUpFT4bXlb1RHhLpp8wtm6M5TgSw=="],

    "undici-types": ["undici-types@7.18.2", "", {}, "sha512-AsuCzffGHJybSaRrmr5eHr81mwJU3kjw6M+uprWvCXiNeN9SOGwQ3Jn8jb8m3Z6izVgknn1R0FTCEAP2QrLY/w=="],
  }
}
